schema: '2.0'
stages:
  train:
    cmd: python -m src.pipeline.training_pipeline
    deps:
    - path: data/raw/WA_Fn-UseC_-Telco-Customer-Churn.csv
      hash: md5
      md5: 0f9de68e012bd3aed5fa7cdc9fc421af
      size: 977501
    - path: src/pipeline/training_pipeline.py
      hash: md5
      md5: 8292bc7120c9692ca9fe9c2023feab42
      size: 4319
    outs:
    - path: models/model.pkl
      hash: md5
      md5: 2c68c7d7ee9e9996df10260d59e213c6
      size: 2079
